
Microsoft Visual Studio Solution File, Format Version 12.00
# Visual Studio Version 17
VisualStudioVersion = 17.4.33110.190
MinimumVisualStudioVersion = 10.0.40219.1
Project("{FAE04EC0-301F-11D3-BF4B-00C04F79EFBC}") = "Geoprofs_v2", "Geoprofs_v2\Geoprofs_v2.csproj", "{41C123EF-7D75-4EA9-B82E-76D2238511C6}"
EndProject
Global
	GlobalSection(SolutionConfigurationPlatforms) = preSolution
		Debug|Any CPU = Debug|Any CPU
		Release|Any CPU = Release|Any CPU
	EndGlobalSection
	GlobalSection(ProjectConfigurationPlatforms) = postSolution
		{41C123EF-7D75-4EA9-B82E-76D2238511C6}.Debug|Any CPU.ActiveCfg = Debug|Any CPU
		{41C123EF-7D75-4EA9-B82E-76D2238511C6}.Debug|Any CPU.Build.0 = Debug|Any CPU
		{41C123EF-7D75-4EA9-B82E-76D2238511C6}.Release|Any CPU.ActiveCfg = Release|Any CPU
		{41C123EF-7D75-4EA9-B82E-76D2238511C6}.Release|Any CPU.Build.0 = Release|Any CPU
	EndGlobalSection
	GlobalSection(SolutionProperties) = preSolution
		HideSolutionNode = FALSE
	EndGlobalSection
	GlobalSection(ExtensibilityGlobals) = postSolution
		SolutionGuid = {EEEDB65D-1B83-4F40-A231-6FED31AE359B}
	EndGlobalSection
EndGlobal
